{"1.2.0",
[{<<"cowboy">>,{pkg,<<"cowboy">>,<<"2.14.2">>},0},
 {<<"cowlib">>,{pkg,<<"cowlib">>,<<"2.16.0">>},1},
 {<<"ddskerl">>,{pkg,<<"ddskerl">>,<<"0.4.3">>},1},
 {<<"prometheus">>,{pkg,<<"prometheus">>,<<"6.1.2">>},0},
 {<<"ranch">>,{pkg,<<"ranch">>,<<"2.2.0">>},1}]}.
[
{pkg_hash,[
 {<<"cowboy">>, <<"4008BE1DF6ADE45E4F2A4E9E2D22B36D0B5ABA4E20B0A0D7049E28D124E34847">>},
 {<<"cowlib">>, <<"54592074EBBBB92EE4746C8A8846E5605052F29309D3A873468D76CDF932076F">>},
 {<<"ddskerl">>, <<"BB97B90EEF1B5906520CEBDD38DA29B18A770B5567F6297927F53566EAE9BEBB">>},
 {<<"prometheus">>, <<"E5C3C567CD8B0994425920763405635211183C15BDC47D0CD524807DDE20CA1D">>},
 {<<"ranch">>, <<"25528F82BC8D7C6152C57666CA99EC716510FE0925CB188172F41CE93117B1B0">>}]},
{pkg_hash_ext,[
 {<<"cowboy">>, <<"569081DA046E7B41B5DF36AA359BE71A0C8874E5B9CFF6F747073FC57BAF1AB9">>},
 {<<"cowlib">>, <<"7F478D80D66B747344F0EA7708C187645CFCC08B11AA424632F78E25BF05DB51">>},
 {<<"ddskerl">>, <<"4E0F6047C6A002CE38F6EA155276DD918CD635FD0A5EDB9E0B46AEB6F7AFF2C2">>},
 {<<"prometheus">>, <<"109662001328112B860DE112D49B575310BE8FF33FE04BF0482EEC4B1E5A1278">>},
 {<<"ranch">>, <<"FA0B99A1780C80218A4197A59EA8D3BDAE32FBFF7E88527D7D8A4787EFF4F8E7">>}]}
].
